
Microsoft Visual Studio Solution File, Format Version 12.00
# Visual Studio 2012
Project("{FAE04EC0-301F-11D3-BF4B-00C04F79EFBC}") = "Uppgift2", "Uppgift2\Uppgift2.csproj", "{E41020EF-CA2E-4C91-93D5-D33C73E3CD08}"
EndProject
Global
	GlobalSection(SolutionConfigurationPlatforms) = preSolution
		Debug|x86 = Debug|x86
		Release|x86 = Release|x86
	EndGlobalSection
	GlobalSection(ProjectConfigurationPlatforms) = postSolution
		{E41020EF-CA2E-4C91-93D5-D33C73E3CD08}.Debug|x86.ActiveCfg = Debug|x86
		{E41020EF-CA2E-4C91-93D5-D33C73E3CD08}.Debug|x86.Build.0 = Debug|x86
		{E41020EF-CA2E-4C91-93D5-D33C73E3CD08}.Release|x86.ActiveCfg = Release|x86
		{E41020EF-CA2E-4C91-93D5-D33C73E3CD08}.Release|x86.Build.0 = Release|x86
	EndGlobalSection
	GlobalSection(MonoDevelopProperties) = preSolution
		Policies = $0
		$0.DotNetNamingPolicy = $1
		$1.DirectoryNamespaceAssociation = PrefixedHierarchical
		$0.TextStylePolicy = $2
		$2.FileWidth = 80
		$2.TabsToSpaces = True
		$2.scope = text/x-csharp
		$2.EolMarker = Windows
		$0.CSharpFormattingPolicy = $3
		$3.scope = text/x-csharp
		$0.TextStylePolicy = $4
		$4.FileWidth = 80
		$4.TabsToSpaces = True
		$4.scope = text/plain
		$0.StandardHeader = $5
		$0.VersionControlPolicy = $6
	EndGlobalSection
EndGlobal
